Microsoft Visual Studio Solution File, Format Version 12.00
# Visual Studio Version 17
VisualStudioVersion = 17.14.36301.6 d17.14
MinimumVisualStudioVersion = 10.0.40219.1
Project("{FAE04EC0-301F-11D3-BF4B-00C04F79EFBC}") = "blazor2.AppHost", "blazor2.AppHost\blazor2.AppHost.csproj", "{40DF56E2-4BB1-4984-880E-4A5B1AFCDAB6}"
EndProject
Project("{FAE04EC0-301F-11D3-BF4B-00C04F79EFBC}") = "blazor2.ServiceDefaults", "blazor2.ServiceDefaults\blazor2.ServiceDefaults.csproj", "{160D2D8E-EB02-1BE7-5CA3-F17201AA5C2E}"
EndProject
Project("{FAE04EC0-301F-11D3-BF4B-00C04F79EFBC}") = "blazor2.ApiService", "blazor2.ApiService\blazor2.ApiService.csproj", "{1F78B084-7BD8-E0DF-7869-142A5036917B}"
EndProject
Project("{FAE04EC0-301F-11D3-BF4B-00C04F79EFBC}") = "blazor2.Web", "blazor2.Web\blazor2.Web.csproj", "{7A40AB2C-E033-2D26-DC61-BBA29267765A}"
EndProject
Global
	GlobalSection(SolutionConfigurationPlatforms) = preSolution
		Debug|Any CPU = Debug|Any CPU
		Release|Any CPU = Release|Any CPU
	EndGlobalSection
	GlobalSection(ProjectConfigurationPlatforms) = postSolution
		{40DF56E2-4BB1-4984-880E-4A5B1AFCDAB6}.Debug|Any CPU.ActiveCfg = Debug|Any CPU
		{40DF56E2-4BB1-4984-880E-4A5B1AFCDAB6}.Debug|Any CPU.Build.0 = Debug|Any CPU
		{40DF56E2-4BB1-4984-880E-4A5B1AFCDAB6}.Release|Any CPU.ActiveCfg = Release|Any CPU
		{40DF56E2-4BB1-4984-880E-4A5B1AFCDAB6}.Release|Any CPU.Build.0 = Release|Any CPU
		{160D2D8E-EB02-1BE7-5CA3-F17201AA5C2E}.Debug|Any CPU.ActiveCfg = Debug|Any CPU
		{160D2D8E-EB02-1BE7-5CA3-F17201AA5C2E}.Debug|Any CPU.Build.0 = Debug|Any CPU
		{160D2D8E-EB02-1BE7-5CA3-F17201AA5C2E}.Release|Any CPU.ActiveCfg = Release|Any CPU
		{160D2D8E-EB02-1BE7-5CA3-F17201AA5C2E}.Release|Any CPU.Build.0 = Release|Any CPU
		{1F78B084-7BD8-E0DF-7869-142A5036917B}.Debug|Any CPU.ActiveCfg = Debug|Any CPU
		{1F78B084-7BD8-E0DF-7869-142A5036917B}.Debug|Any CPU.Build.0 = Debug|Any CPU
		{1F78B084-7BD8-E0DF-7869-142A5036917B}.Release|Any CPU.ActiveCfg = Release|Any CPU
		{1F78B084-7BD8-E0DF-7869-142A5036917B}.Release|Any CPU.Build.0 = Release|Any CPU
		{7A40AB2C-E033-2D26-DC61-BBA29267765A}.Debug|Any CPU.ActiveCfg = Debug|Any CPU
		{7A40AB2C-E033-2D26-DC61-BBA29267765A}.Debug|Any CPU.Build.0 = Debug|Any CPU
		{7A40AB2C-E033-2D26-DC61-BBA29267765A}.Release|Any CPU.ActiveCfg = Release|Any CPU
		{7A40AB2C-E033-2D26-DC61-BBA29267765A}.Release|Any CPU.Build.0 = Release|Any CPU
	EndGlobalSection
	GlobalSection(SolutionProperties) = preSolution
		HideSolutionNode = FALSE
	EndGlobalSection
	GlobalSection(ExtensibilityGlobals) = postSolution
		SolutionGuid = {844B5EFB-24CC-4626-9F96-F7A499D1F3CE}
	EndGlobalSection
EndGlobal
