
Microsoft Visual Studio Solution File, Format Version 12.00
# Visual Studio Version 17
VisualStudioVersion = 17.14.36301.6 d17.14
MinimumVisualStudioVersion = 10.0.40219.1
Project("{FAE04EC0-301F-11D3-BF4B-00C04F79EFBC}") = "BlazorApp1", "BlazorApp1.csproj", "{4D02651C-516C-4D7C-8F9A-7BA0317A2648}"
EndProject
Global
	GlobalSection(SolutionConfigurationPlatforms) = preSolution
		Debug|Any CPU = Debug|Any CPU
		Release|Any CPU = Release|Any CPU
	EndGlobalSection
	GlobalSection(ProjectConfigurationPlatforms) = postSolution
		{4D02651C-516C-4D7C-8F9A-7BA0317A2648}.Debug|Any CPU.ActiveCfg = Debug|Any CPU
		{4D02651C-516C-4D7C-8F9A-7BA0317A2648}.Debug|Any CPU.Build.0 = Debug|Any CPU
		{4D02651C-516C-4D7C-8F9A-7BA0317A2648}.Release|Any CPU.ActiveCfg = Release|Any CPU
		{4D02651C-516C-4D7C-8F9A-7BA0317A2648}.Release|Any CPU.Build.0 = Release|Any CPU
	EndGlobalSection
	GlobalSection(SolutionProperties) = preSolution
		HideSolutionNode = FALSE
	EndGlobalSection
	GlobalSection(ExtensibilityGlobals) = postSolution
		SolutionGuid = {73D82880-9204-46FE-80A7-C34ECD8715B6}
	EndGlobalSection
EndGlobal
